
Microsoft Visual Studio Solution File, Format Version 12.00
# Visual Studio Version 17
VisualStudioVersion = 17.0.31903.59
MinimumVisualStudioVersion = 10.0.40219.1
Project("{FAE04EC0-301F-11D3-BF4B-00C04F79EFBC}") = "Sarvar.Durgerking", "Sarvar.Durgerking\Sarvar.Durgerking.csproj", "{A0562C46-FB4F-439D-936A-7321431779CF}"
EndProject
Project("{FAE04EC0-301F-11D3-BF4B-00C04F79EFBC}") = "Yasina.Durgerking", "Yasina.Durgerking\Yasina.Durgerking.csproj", "{5E7C51AD-ED5C-4E94-893D-9CFCFCE4334D}"
EndProject
Project("{FAE04EC0-301F-11D3-BF4B-00C04F79EFBC}") = "muhammadbilol.durgerking", "muhammadbilol.durgerking\muhammadbilol.durgerking.csproj", "{4F469E89-922D-4299-8FFD-B966BCBFBE34}"
EndProject
Global
	GlobalSection(SolutionProperties) = preSolution
		HideSolutionNode = FALSE
	EndGlobalSection
	GlobalSection(SolutionConfigurationPlatforms) = preSolution
		Debug|Any CPU = Debug|Any CPU
		Debug|x64 = Debug|x64
		Debug|x86 = Debug|x86
		Release|Any CPU = Release|Any CPU
		Release|x64 = Release|x64
		Release|x86 = Release|x86
	EndGlobalSection
	GlobalSection(ProjectConfigurationPlatforms) = postSolution
		{A0562C46-FB4F-439D-936A-7321431779CF}.Debug|Any CPU.ActiveCfg = Debug|Any CPU
		{A0562C46-FB4F-439D-936A-7321431779CF}.Debug|Any CPU.Build.0 = Debug|Any CPU
		{A0562C46-FB4F-439D-936A-7321431779CF}.Debug|x64.ActiveCfg = Debug|Any CPU
		{A0562C46-FB4F-439D-936A-7321431779CF}.Debug|x64.Build.0 = Debug|Any CPU
		{A0562C46-FB4F-439D-936A-7321431779CF}.Debug|x86.ActiveCfg = Debug|Any CPU
		{A0562C46-FB4F-439D-936A-7321431779CF}.Debug|x86.Build.0 = Debug|Any CPU
		{A0562C46-FB4F-439D-936A-7321431779CF}.Release|Any CPU.ActiveCfg = Release|Any CPU
		{A0562C46-FB4F-439D-936A-7321431779CF}.Release|Any CPU.Build.0 = Release|Any CPU
		{A0562C46-FB4F-439D-936A-7321431779CF}.Release|x64.ActiveCfg = Release|Any CPU
		{A0562C46-FB4F-439D-936A-7321431779CF}.Release|x64.Build.0 = Release|Any CPU
		{A0562C46-FB4F-439D-936A-7321431779CF}.Release|x86.ActiveCfg = Release|Any CPU
		{A0562C46-FB4F-439D-936A-7321431779CF}.Release|x86.Build.0 = Release|Any CPU
		{5E7C51AD-ED5C-4E94-893D-9CFCFCE4334D}.Debug|Any CPU.ActiveCfg = Debug|Any CPU
		{5E7C51AD-ED5C-4E94-893D-9CFCFCE4334D}.Debug|Any CPU.Build.0 = Debug|Any CPU
		{5E7C51AD-ED5C-4E94-893D-9CFCFCE4334D}.Debug|x64.ActiveCfg = Debug|Any CPU
		{5E7C51AD-ED5C-4E94-893D-9CFCFCE4334D}.Debug|x64.Build.0 = Debug|Any CPU
		{5E7C51AD-ED5C-4E94-893D-9CFCFCE4334D}.Debug|x86.ActiveCfg = Debug|Any CPU
		{5E7C51AD-ED5C-4E94-893D-9CFCFCE4334D}.Debug|x86.Build.0 = Debug|Any CPU
		{5E7C51AD-ED5C-4E94-893D-9CFCFCE4334D}.Release|Any CPU.ActiveCfg = Release|Any CPU
		{5E7C51AD-ED5C-4E94-893D-9CFCFCE4334D}.Release|Any CPU.Build.0 = Release|Any CPU
		{5E7C51AD-ED5C-4E94-893D-9CFCFCE4334D}.Release|x64.ActiveCfg = Release|Any CPU
		{5E7C51AD-ED5C-4E94-893D-9CFCFCE4334D}.Release|x64.Build.0 = Release|Any CPU
		{5E7C51AD-ED5C-4E94-893D-9CFCFCE4334D}.Release|x86.ActiveCfg = Release|Any CPU
		{5E7C51AD-ED5C-4E94-893D-9CFCFCE4334D}.Release|x86.Build.0 = Release|Any CPU
		{4F469E89-922D-4299-8FFD-B966BCBFBE34}.Debug|Any CPU.ActiveCfg = Debug|Any CPU
		{4F469E89-922D-4299-8FFD-B966BCBFBE34}.Debug|Any CPU.Build.0 = Debug|Any CPU
		{4F469E89-922D-4299-8FFD-B966BCBFBE34}.Debug|x64.ActiveCfg = Debug|Any CPU
		{4F469E89-922D-4299-8FFD-B966BCBFBE34}.Debug|x64.Build.0 = Debug|Any CPU
		{4F469E89-922D-4299-8FFD-B966BCBFBE34}.Debug|x86.ActiveCfg = Debug|Any CPU
		{4F469E89-922D-4299-8FFD-B966BCBFBE34}.Debug|x86.Build.0 = Debug|Any CPU
		{4F469E89-922D-4299-8FFD-B966BCBFBE34}.Release|Any CPU.ActiveCfg = Release|Any CPU
		{4F469E89-922D-4299-8FFD-B966BCBFBE34}.Release|Any CPU.Build.0 = Release|Any CPU
		{4F469E89-922D-4299-8FFD-B966BCBFBE34}.Release|x64.ActiveCfg = Release|Any CPU
		{4F469E89-922D-4299-8FFD-B966BCBFBE34}.Release|x64.Build.0 = Release|Any CPU
		{4F469E89-922D-4299-8FFD-B966BCBFBE34}.Release|x86.ActiveCfg = Release|Any CPU
		{4F469E89-922D-4299-8FFD-B966BCBFBE34}.Release|x86.Build.0 = Release|Any CPU
	EndGlobalSection
EndGlobal
